
Microsoft Visual Studio Solution File, Format Version 12.00
# Visual Studio Version 17
VisualStudioVersion = 17.7.34024.191
MinimumVisualStudioVersion = 10.0.40219.1
Project("{FAE04EC0-301F-11D3-BF4B-00C04F79EFBC}") = "MethodPractice", "MethodPractice.csproj", "{77E60DCD-65C7-4E19-B22F-6B1D4DB30558}"
EndProject
Global
	GlobalSection(SolutionConfigurationPlatforms) = preSolution
		Debug|Any CPU = Debug|Any CPU
		Release|Any CPU = Release|Any CPU
	EndGlobalSection
	GlobalSection(ProjectConfigurationPlatforms) = postSolution
		{77E60DCD-65C7-4E19-B22F-6B1D4DB30558}.Debug|Any CPU.ActiveCfg = Debug|Any CPU
		{77E60DCD-65C7-4E19-B22F-6B1D4DB30558}.Debug|Any CPU.Build.0 = Debug|Any CPU
		{77E60DCD-65C7-4E19-B22F-6B1D4DB30558}.Release|Any CPU.ActiveCfg = Release|Any CPU
		{77E60DCD-65C7-4E19-B22F-6B1D4DB30558}.Release|Any CPU.Build.0 = Release|Any CPU
	EndGlobalSection
	GlobalSection(SolutionProperties) = preSolution
		HideSolutionNode = FALSE
	EndGlobalSection
	GlobalSection(ExtensibilityGlobals) = postSolution
		SolutionGuid = {8068D322-A5AE-40BA-A7FE-0E54561AE28A}
	EndGlobalSection
EndGlobal
